<?xml version="1.0" encoding="utf-8"?>
<Project ToolsVersion="4.0" xmlns="http://schemas.microsoft.com/developer/msbuild/2003">
  <ItemGroup>
    <Filter Include="Direct3D">
      <UniqueIdentifier>{6902b8ee-1ee5-4505-b9ea-245233eb65c5}</UniqueIdentifier>
    </Filter>
    <Filter Include="DirctSound">
      <UniqueIdentifier>{3e2164dc-9ef8-499a-91a3-60403c6af953}</UniqueIdentifier>
    </Filter>
    <Filter Include="DirectInput">
      <UniqueIdentifier>{7b4d358b-616f-4c2f-97c1-4bc1ec01fa17}</UniqueIdentifier>
    </Filter>
    <Filter Include="other">
      <UniqueIdentifier>{e200cccc-e500-498e-9f18-79f380dbd856}</UniqueIdentifier>
    </Filter>
    <Filter Include="Game">
      <UniqueIdentifier>{f80b5b90-ecff-436f-bf8b-0c1b0b153068}</UniqueIdentifier>
    </Filter>
    <Filter Include="Player">
      <UniqueIdentifier>{a0dd4bde-1554-422a-8681-e535e139461b}</UniqueIdentifier>
    </Filter>
    <Filter Include="XInput">
      <UniqueIdentifier>{4af4e669-4784-4dec-80c6-3003a5ddc0e5}</UniqueIdentifier>
    </Filter>
    <Filter Include="DirectXAnimation">
      <UniqueIdentifier>{6988da11-e0bc-4260-a302-a55b724200da}</UniqueIdentifier>
    </Filter>
    <Filter Include="Enemy">
      <UniqueIdentifier>{0a68bc2d-50be-43e4-9741-076244425eec}</UniqueIdentifier>
    </Filter>
  </ItemGroup>
  <ItemGroup>
    <ClCompile Include="Direct3D\direct3d.cpp">
      <Filter>Direct3D</Filter>
    </ClCompile>
    <ClCompile Include="Direct3D\sprite.cpp">
      <Filter>Direct3D</Filter>
    </ClCompile>
    <ClCompile Include="Direct3D\texture.cpp">
      <Filter>Direct3D</Filter>
    </ClCompile>
    <ClCompile Include="winmain.cpp" />
    <ClCompile Include="DirectInput\directInput.cpp">
      <Filter>DirectInput</Filter>
    </ClCompile>
    <ClCompile Include="Direct3D\font.cpp">
      <Filter>Direct3D</Filter>
    </ClCompile>
    <ClCompile Include="Direct3D\Xfile.cpp">
      <Filter>Direct3D</Filter>
    </ClCompile>
    <ClCompile Include="Player\Player.cpp">
      <Filter>Player</Filter>
    </ClCompile>
    <ClCompile Include="Direct3D\Camera.cpp">
      <Filter>Direct3D</Filter>
    </ClCompile>
    <ClCompile Include="Game\Map.cpp">
      <Filter>Game</Filter>
    </ClCompile>
    <ClCompile Include="Game\SceneChange.cpp">
      <Filter>Game</Filter>
    </ClCompile>
    <ClCompile Include="Game\Title.cpp">
      <Filter>Game</Filter>
    </ClCompile>
    <ClCompile Include="Game\Chapter.cpp">
      <Filter>Game</Filter>
    </ClCompile>
    <ClCompile Include="Xinput\Xinput.cpp">
      <Filter>XInput</Filter>
    </ClCompile>
    <ClCompile Include="Game\GameMainTag.cpp">
      <Filter>Game</Filter>
    </ClCompile>
    <ClCompile Include="Game\Chapter_GameOfTag.cpp">
      <Filter>Game</Filter>
    </ClCompile>
    <ClCompile Include="DirectXAnimation\MyAllocateHierarchy.cpp">
      <Filter>DirectXAnimation</Filter>
    </ClCompile>
    <ClCompile Include="DirectXAnimation\AnimateObject.cpp">
      <Filter>DirectXAnimation</Filter>
    </ClCompile>
    <ClCompile Include="Enemy\Enemy.cpp">
      <Filter>Enemy</Filter>
    </ClCompile>
    <ClCompile Include="Game\Result.cpp">
      <Filter>Game</Filter>
    </ClCompile>
    <ClCompile Include="Game\Gameover.cpp">
      <Filter>Game</Filter>
    </ClCompile>
    <ClCompile Include="Game\GameMainTag2P.cpp">
      <Filter>Game</Filter>
    </ClCompile>
    <ClCompile Include="DirectSound\dxsound.cpp">
      <Filter>DirctSound</Filter>
    </ClCompile>
  </ItemGroup>
  <ItemGroup>
    <ClInclude Include="Direct3D\direct3d.h">
      <Filter>Direct3D</Filter>
    </ClInclude>
    <ClInclude Include="Direct3D\sprite.h">
      <Filter>Direct3D</Filter>
    </ClInclude>
    <ClInclude Include="Direct3D\texture.h">
      <Filter>Direct3D</Filter>
    </ClInclude>
    <ClInclude Include="DirectInput\directInput.h">
      <Filter>DirectInput</Filter>
    </ClInclude>
    <ClInclude Include="other\MyVector.h">
      <Filter>other</Filter>
    </ClInclude>
    <ClInclude Include="Direct3D\font.h">
      <Filter>Direct3D</Filter>
    </ClInclude>
    <ClInclude Include="Global.h" />
    <ClInclude Include="Direct3D\Xfile.h">
      <Filter>Direct3D</Filter>
    </ClInclude>
    <ClInclude Include="Player\Player.h">
      <Filter>Player</Filter>
    </ClInclude>
    <ClInclude Include="Direct3D\Camera.h">
      <Filter>Direct3D</Filter>
    </ClInclude>
    <ClInclude Include="Game\Map.h">
      <Filter>Game</Filter>
    </ClInclude>
    <ClInclude Include="Game\SceneChange.h">
      <Filter>Game</Filter>
    </ClInclude>
    <ClInclude Include="Game\Title.h">
      <Filter>Game</Filter>
    </ClInclude>
    <ClInclude Include="Game\Chapter.h">
      <Filter>Game</Filter>
    </ClInclude>
    <ClInclude Include="Xinput\Xinput.h">
      <Filter>XInput</Filter>
    </ClInclude>
    <ClInclude Include="Game\Chapter_GameOfTag.h">
      <Filter>Game</Filter>
    </ClInclude>
    <ClInclude Include="Game\GameMainTag.h">
      <Filter>Game</Filter>
    </ClInclude>
    <ClInclude Include="DirectXAnimation\MyAllocateHierarchy.h">
      <Filter>DirectXAnimation</Filter>
    </ClInclude>
    <ClInclude Include="DirectXAnimation\AnimateObject.h">
      <Filter>DirectXAnimation</Filter>
    </ClInclude>
    <ClInclude Include="Enemy\Enemy.h">
      <Filter>Enemy</Filter>
    </ClInclude>
    <ClInclude Include="random.h" />
    <ClInclude Include="Game\Result.h">
      <Filter>Game</Filter>
    </ClInclude>
    <ClInclude Include="Game\Gameover.h">
      <Filter>Game</Filter>
    </ClInclude>
    <ClInclude Include="Game\GameMainTag2P.h">
      <Filter>Game</Filter>
    </ClInclude>
    <ClInclude Include="DirectSound\dxsound.h">
      <Filter>DirctSound</Filter>
    </ClInclude>
  </ItemGroup>
  <ItemGroup>
    <None Include="ClassDiagram.cd" />
  </ItemGroup>
</Project>